// !$*UTF8*$!
{
	archiveVersion = 1;
	classes = {
	};
	objectVersion = 77;
	objects = {

/* Begin PBXBuildFile section */
		76A9EFFC2FD79A12001DFD0B /* StoreKit.framework in Frameworks */ = {isa = PBXBuildFile; fileRef = 76A9EFFB2FD79A12001DFD0B /* StoreKit.framework */; };
		787C1ACC2FA653FE00D99C03 /* bec.tip.storekit in Resources */ = {isa = PBXBuildFile; fileRef = 787C1ACB2FA653FE00D99C03 /* bec.tip.storekit */; };
/* End PBXBuildFile section */

/* Begin PBXContainerItemProxy section */
		7894EE282F9D53C600668DC9 /* PBXContainerItemProxy */ = {
			isa = PBXContainerItemProxy;
			containerPortal = 7894EE0F2F9D53C200668DC9 /* Project object */;
			proxyType = 1;
			remoteGlobalIDString = 7894EE162F9D53C200668DC9;
			remoteInfo = BEC;
		};
		7894EE322F9D53C600668DC9 /* PBXContainerItemProxy */ = {
			isa = PBXContainerItemProxy;
			containerPortal = 7894EE0F2F9D53C200668DC9 /* Project object */;
			proxyType = 1;
			remoteGlobalIDString = 7894EE162F9D53C200668DC9;
			remoteInfo = BEC;
		};
/* End PBXContainerItemProxy section */

/* Begin PBXFileReference section */
		76A9EFFB2FD79A12001DFD0B /* StoreKit.framework */ = {isa = PBXFileReference; lastKnownFileType = wrapper.framework; name = StoreKit.framework; path = System/Library/Frameworks/StoreKit.framework; sourceTree = SDKROOT; };
		787C1ACB2FA653FE00D99C03 /* bec.tip.storekit */ = {isa = PBXFileReference; lastKnownFileType = text; path = bec.tip.storekit; sourceTree = "<group>"; };
		7894EE172F9D53C200668DC9 /* BEC.app */ = {isa = PBXFileReference; explicitFileType = wrapper.application; includeInIndex = 0; path = BEC.app; sourceTree = BUILT_PRODUCTS_DIR; };
		7894EE272F9D53C600668DC9 /* BECTests.xctest */ = {isa = PBXFileReference; explicitFileType = wrapper.cfbundle; includeInIndex = 0; path = BECTests.xctest; sourceTree = BUILT_PRODUCTS_DIR; };
		7894EE312F9D53C600668DC9 /* BECUITests.xctest */ = {isa = PBXFileReference; explicitFileType = wrapper.cfbundle; includeInIndex = 0; path = BECUITests.xctest; sourceTree = BUILT_PRODUCTS_DIR; };
/* End PBXFileReference section */

/* Begin PBXFileSystemSynchronizedRootGroup section */
		7894EE192F9D53C200668DC9 /* BEC */ = {
			isa = PBXFileSystemSynchronizedRootGroup;
			path = BEC;
			sourceTree = "<group>";
		};
		7894EE2A2F9D53C600668DC9 /* BECTests */ = {
			isa = PBXFileSystemSynchronizedRootGroup;
			path = BECTests;
			sourceTree = "<group>";
		};
		7894EE342F9D53C600668DC9 /* BECUITests */ = {
			isa = PBXFileSystemSynchronizedRootGroup;
			path = BECUITests;
			sourceTree = "<group>";
		};
/* End PBXFileSystemSynchronizedRootGroup section */

/* Begin PBXFrameworksBuildPhase section */
		7894EE142F9D53C200668DC9 /* Frameworks */ = {
			isa = PBXFrameworksBuildPhase;
			buildActionMask = 2147483647;
			files = (
				76A9EFFC2FD79A12001DFD0B /* StoreKit.framework in Frameworks */,
			);
			runOnlyForDeploymentPostprocessing = 0;
		};
		7894EE242F9D53C600668DC9 /* Frameworks */ = {
			isa = PBXFrameworksBuildPhase;
			buildActionMask = 2147483647;
			files = (
			);
			runOnlyForDeploymentPostprocessing = 0;
		};
		7894EE2E2F9D53C600668DC9 /* Frameworks */ = {
			isa = PBXFrameworksBuildPhase;
			buildActionMask = 2147483647;
			files = (
			);
			runOnlyForDeploymentPostprocessing = 0;
		};
/* End PBXFrameworksBuildPhase section */

/* Begin PBXGroup section */
		76A9EFFA2FD79A12001DFD0B /* Frameworks */ = {
			isa = PBXGroup;
			children = (
				76A9EFFB2FD79A12001DFD0B /* StoreKit.framework */,
			);
			name = Frameworks;
			sourceTree = "<group>";
		};
		7894EE0E2F9D53C200668DC9 = {
			isa = PBXGroup;
			children = (
				787C1ACB2FA653FE00D99C03 /* bec.tip.storekit */,
				7894EE192F9D53C200668DC9 /* BEC */,
				7894EE2A2F9D53C600668DC9 /* BECTests */,
				7894EE342F9D53C600668DC9 /* BECUITests */,
				76A9EFFA2FD79A12001DFD0B /* Frameworks */,
				7894EE182F9D53C200668DC9 /* Products */,
			);
			sourceTree = "<group>";
		};
		7894EE182F9D53C200668DC9 /* Products */ = {
			isa = PBXGroup;
			children = (
				7894EE172F9D53C200668DC9 /* BEC.app */,
				7894EE272F9D53C600668DC9 /* BECTests.xctest */,
				7894EE312F9D53C600668DC9 /* BECUITests.xctest */,
			);
			name = Products;
			sourceTree = "<group>";
		};
/* End PBXGroup section */

/* Begin PBXNativeTarget section */
		7894EE162F9D53C200668DC9 /* BEC */ = {
			isa = PBXNativeTarget;
			buildConfigurationList = 7894EE3B2F9D53C600668DC9 /* Build configuration list for PBXNativeTarget "BEC" */;
			buildPhases = (
				7894EE132F9D53C200668DC9 /* Sources */,
				7894EE142F9D53C200668DC9 /* Frameworks */,
				7894EE152F9D53C200668DC9 /* Resources */,
			);
			buildRules = (
			);
			dependencies = (
			);
			fileSystemSynchronizedGroups = (
				7894EE192F9D53C200668DC9 /* BEC */,
			);
			name = BEC;
			packageProductDependencies = (
			);
			productName = BEC;
			productReference = 7894EE172F9D53C200668DC9 /* BEC.app */;
			productType = "com.apple.product-type.application";
		};
		7894EE262F9D53C600668DC9 /* BECTests */ = {
			isa = PBXNativeTarget;
			buildConfigurationList = 7894EE3E2F9D53C600668DC9 /* Build configuration list for PBXNativeTarget "BECTests" */;
			buildPhases = (
				7894EE232F9D53C600668DC9 /* Sources */,
				7894EE242F9D53C600668DC9 /* Frameworks */,
				7894EE252F9D53C600668DC9 /* Resources */,
			);
			buildRules = (
			);
			dependencies = (
				7894EE292F9D53C600668DC9 /* PBXTargetDependency */,
			);
			fileSystemSynchronizedGroups = (
				7894EE2A2F9D53C600668DC9 /* BECTests */,
			);
			name = BECTests;
			packageProductDependencies = (
			);
			productName = BECTests;
			productReference = 7894EE272F9D53C600668DC9 /* BECTests.xctest */;
			productType = "com.apple.product-type.bundle.unit-test";
		};
		7894EE302F9D53C600668DC9 /* BECUITests */ = {
			isa = PBXNativeTarget;
			buildConfigurationList = 7894EE412F9D53C600668DC9 /* Build configuration list for PBXNativeTarget "BECUITests" */;
			buildPhases = (
				7894EE2D2F9D53C600668DC9 /* Sources */,
				7894EE2E2F9D53C600668DC9 /* Frameworks */,
				7894EE2F2F9D53C600668DC9 /* Resources */,
			);
			buildRules = (
			);
			dependencies = (
				7894EE332F9D53C600668DC9 /* PBXTargetDependency */,
			);
			fileSystemSynchronizedGroups = (
				7894EE342F9D53C600668DC9 /* BECUITests */,
			);
			name = BECUITests;
			packageProductDependencies = (
			);
			productName = BECUITests;
			productReference = 7894EE312F9D53C600668DC9 /* BECUITests.xctest */;
			productType = "com.apple.product-type.bundle.ui-testing";
		};
/* End PBXNativeTarget section */

/* Begin PBXProject section */
		7894EE0F2F9D53C200668DC9 /* Project object */ = {
			isa = PBXProject;
			attributes = {
				BuildIndependentTargetsInParallel = 1;
				LastSwiftUpdateCheck = 1620;
				LastUpgradeCheck = 2650;
				TargetAttributes = {
					7894EE162F9D53C200668DC9 = {
						CreatedOnToolsVersion = 16.2;
					};
					7894EE262F9D53C600668DC9 = {
						CreatedOnToolsVersion = 16.2;
						TestTargetID = 7894EE162F9D53C200668DC9;
					};
					7894EE302F9D53C600668DC9 = {
						CreatedOnToolsVersion = 16.2;
						TestTargetID = 7894EE162F9D53C200668DC9;
					};
				};
			};
			buildConfigurationList = 7894EE122F9D53C200668DC9 /* Build configuration list for PBXProject "BEC" */;
			developmentRegion = en;
			hasScannedForEncodings = 0;
			knownRegions = (
				en,
				Base,
			);
			mainGroup = 7894EE0E2F9D53C200668DC9;
			minimizedProjectReferenceProxies = 1;
			preferredProjectObjectVersion = 77;
			productRefGroup = 7894EE182F9D53C200668DC9 /* Products */;
			projectDirPath = "";
			projectRoot = "";
			targets = (
				7894EE162F9D53C200668DC9 /* BEC */,
				7894EE262F9D53C600668DC9 /* BECTests */,
				7894EE302F9D53C600668DC9 /* BECUITests */,
			);
		};
/* End PBXProject section */

/* Begin PBXResourcesBuildPhase section */
		7894EE152F9D53C200668DC9 /* Resources */ = {
			isa = PBXResourcesBuildPhase;
			buildActionMask = 2147483647;
			files = (
				787C1ACC2FA653FE00D99C03 /* bec.tip.storekit in Resources */,
			);
			runOnlyForDeploymentPostprocessing = 0;
		};
		7894EE252F9D53C600668DC9 /* Resources */ = {
			isa = PBXResourcesBuildPhase;
			buildActionMask = 2147483647;
			files = (
			);
			runOnlyForDeploymentPostprocessing = 0;
		};
		7894EE2F2F9D53C600668DC9 /* Resources */ = {
			isa = PBXResourcesBuildPhase;
			buildActionMask = 2147483647;
			files = (
			);
			runOnlyForDeploymentPostprocessing = 0;
		};
/* End PBXResourcesBuildPhase section */

/* Begin PBXSourcesBuildPhase section */
		7894EE132F9D53C200668DC9 /* Sources */ = {
			isa = PBXSourcesBuildPhase;
			buildActionMask = 2147483647;
			files = (
			);
			runOnlyForDeploymentPostprocessing = 0;
		};
		7894EE232F9D53C600668DC9 /* Sources */ = {
			isa = PBXSourcesBuildPhase;
			buildActionMask = 2147483647;
			files = (
			);
			runOnlyForDeploymentPostprocessing = 0;
		};
		7894EE2D2F9D53C600668DC9 /* Sources */ = {
			isa = PBXSourcesBuildPhase;
			buildActionMask = 2147483647;
			files = (
			);
			runOnlyForDeploymentPostprocessing = 0;
		};
/* End PBXSourcesBuildPhase section */

/* Begin PBXTargetDependency section */
		7894EE292F9D53C600668DC9 /* PBXTargetDependency */ = {
			isa = PBXTargetDependency;
			target = 7894EE162F9D53C200668DC9 /* BEC */;
			targetProxy = 7894EE282F9D53C600668DC9 /* PBXContainerItemProxy */;
		};
		7894EE332F9D53C600668DC9 /* PBXTargetDependency */ = {
			isa = PBXTargetDependency;
			target = 7894EE162F9D53C200668DC9 /* BEC */;
			targetProxy = 7894EE322F9D53C600668DC9 /* PBXContainerItemProxy */;
		};
/* End PBXTargetDependency section */

/* Begin XCBuildConfiguration section */
		7894EE392F9D53C600668DC9 /* Debug */ = {
			isa = XCBuildConfiguration;
			buildSettings = {
				ALWAYS_SEARCH_USER_PATHS = NO;
				ASSETCATALOG_COMPILER_GENERATE_SWIFT_ASSET_SYMBOL_EXTENSIONS = YES;
				CLANG_ANALYZER_NONNULL = YES;
				CLANG_ANALYZER_NUMBER_OBJECT_CONVERSION = YES_AGGRESSIVE;
				CLANG_CXX_LANGUAGE_STANDARD = "gnu++20";
				CLANG_ENABLE_MODULES = YES;
				CLANG_ENABLE_OBJC_ARC = YES;
				CLANG_ENABLE_OBJC_WEAK = YES;
				CLANG_WARN_BLOCK_CAPTURE_AUTORELEASING = YES;
				CLANG_WARN_BOOL_CONVERSION = YES;
				CLANG_WARN_COMMA = YES;
				CLANG_WARN_CONSTANT_CONVERSION = YES;
				CLANG_WARN_DEPRECATED_OBJC_IMPLEMENTATIONS = YES;
				CLANG_WARN_DIRECT_OBJC_ISA_USAGE = YES_ERROR;
				CLANG_WARN_DOCUMENTATION_COMMENTS = YES;
				CLANG_WARN_EMPTY_BODY = YES;
				CLANG_WARN_ENUM_CONVERSION = YES;
				CLANG_WARN_INFINITE_RECURSION = YES;
				CLANG_WARN_INT_CONVERSION = YES;
				CLANG_WARN_NON_LITERAL_NULL_CONVERSION = YES;
				CLANG_WARN_OBJC_IMPLICIT_RETAIN_SELF = YES;
				CLANG_WARN_OBJC_LITERAL_CONVERSION = YES;
				CLANG_WARN_OBJC_ROOT_CLASS = YES_ERROR;
				CLANG_WARN_QUOTED_INCLUDE_IN_FRAMEWORK_HEADER = YES;
				CLANG_WARN_RANGE_LOOP_ANALYSIS = YES;
				CLANG_WARN_STRICT_PROTOTYPES = YES;
				CLANG_WARN_SUSPICIOUS_MOVE = YES;
				CLANG_WARN_UNGUARDED_AVAILABILITY = YES_AGGRESSIVE;
				CLANG_WARN_UNREACHABLE_CODE = YES;
				CLANG_WARN__DUPLICATE_METHOD_MATCH = YES;
				COPY_PHASE_STRIP = NO;
				DEBUG_INFORMATION_FORMAT = dwarf;
				ENABLE_STRICT_OBJC_MSGSEND = YES;
				ENABLE_TESTABILITY = YES;
				ENABLE_USER_SCRIPT_SANDBOXING = YES;
				GCC_C_LANGUAGE_STANDARD = gnu17;
				GCC_DYNAMIC_NO_PIC = NO;
				GCC_NO_COMMON_BLOCKS = YES;
				GCC_OPTIMIZATION_LEVEL = 0;
				GCC_PREPROCESSOR_DEFINITIONS = (
					"DEBUG=1",
					"$(inherited)",
				);
				GCC_WARN_64_TO_32_BIT_CONVERSION = YES;
				GCC_WARN_ABOUT_RETURN_TYPE = YES_ERROR;
				GCC_WARN_UNDECLARED_SELECTOR = YES;
				GCC_WARN_UNINITIALIZED_AUTOS = YES_AGGRESSIVE;
				GCC_WARN_UNUSED_FUNCTION = YES;
				GCC_WARN_UNUSED_VARIABLE = YES;
				IPHONEOS_DEPLOYMENT_TARGET = 18.2;
				LOCALIZATION_PREFERS_STRING_CATALOGS = YES;
				MTL_ENABLE_DEBUG_INFO = INCLUDE_SOURCE;
				MTL_FAST_MATH = YES;
				ONLY_ACTIVE_ARCH = YES;
				SDKROOT = iphoneos;
				STRING_CATALOG_GENERATE_SYMBOLS = YES;
				SWIFT_ACTIVE_COMPILATION_CONDITIONS = "DEBUG $(inherited)";
				SWIFT_OPTIMIZATION_LEVEL = "-Onone";
			};
			name = Debug;
		};
		7894EE3A2F9D53C600668DC9 /* Release */ = {
			isa = XCBuildConfiguration;
			buildSettings = {
				ALWAYS_SEARCH_USER_PATHS = NO;
				ASSETCATALOG_COMPILER_GENERATE_SWIFT_ASSET_SYMBOL_EXTENSIONS = YES;
				CLANG_ANALYZER_NONNULL = YES;
				CLANG_ANALYZER_NUMBER_OBJECT_CONVERSION = YES_AGGRESSIVE;
				CLANG_CXX_LANGUAGE_STANDARD = "gnu++20";
				CLANG_ENABLE_MODULES = YES;
				CLANG_ENABLE_OBJC_ARC = YES;
				CLANG_ENABLE_OBJC_WEAK = YES;
				CLANG_WARN_BLOCK_CAPTURE_AUTORELEASING = YES;
				CLANG_WARN_BOOL_CONVERSION = YES;
				CLANG_WARN_COMMA = YES;
				CLANG_WARN_CONSTANT_CONVERSION = YES;
				CLANG_WARN_DEPRECATED_OBJC_IMPLEMENTATIONS = YES;
				CLANG_WARN_DIRECT_OBJC_ISA_USAGE = YES_ERROR;
				CLANG_WARN_DOCUMENTATION_COMMENTS = YES;
				CLANG_WARN_EMPTY_BODY = YES;
				CLANG_WARN_ENUM_CONVERSION = YES;
				CLANG_WARN_INFINITE_RECURSION = YES;
				CLANG_WARN_INT_CONVERSION = YES;
				CLANG_WARN_NON_LITERAL_NULL_CONVERSION = YES;
				CLANG_WARN_OBJC_IMPLICIT_RETAIN_SELF = YES;
				CLANG_WARN_OBJC_LITERAL_CONVERSION = YES;
				CLANG_WARN_OBJC_ROOT_CLASS = YES_ERROR;
				CLANG_WARN_QUOTED_INCLUDE_IN_FRAMEWORK_HEADER = YES;
				CLANG_WARN_RANGE_LOOP_ANALYSIS = YES;
				CLANG_WARN_STRICT_PROTOTYPES = YES;
				CLANG_WARN_SUSPICIOUS_MOVE = YES;
				CLANG_WARN_UNGUARDED_AVAILABILITY = YES_AGGRESSIVE;
				CLANG_WARN_UNREACHABLE_CODE = YES;
				CLANG_WARN__DUPLICATE_METHOD_MATCH = YES;
				COPY_PHASE_STRIP = NO;
				DEBUG_INFORMATION_FORMAT = "dwarf-with-dsym";
				ENABLE_NS_ASSERTIONS = NO;
				ENABLE_STRICT_OBJC_MSGSEND = YES;
				ENABLE_USER_SCRIPT_SANDBOXING = YES;
				GCC_C_LANGUAGE_STANDARD = gnu17;
				GCC_NO_COMMON_BLOCKS = YES;
				GCC_WARN_64_TO_32_BIT_CONVERSION = YES;
				GCC_WARN_ABOUT_RETURN_TYPE = YES_ERROR;
				GCC_WARN_UNDECLARED_SELECTOR = YES;
				GCC_WARN_UNINITIALIZED_AUTOS = YES_AGGRESSIVE;
				GCC_WARN_UNUSED_FUNCTION = YES;
				GCC_WARN_UNUSED_VARIABLE = YES;
				IPHONEOS_DEPLOYMENT_TARGET = 18.2;
				LOCALIZATION_PREFERS_STRING_CATALOGS = YES;
				MTL_ENABLE_DEBUG_INFO = NO;
				MTL_FAST_MATH = YES;
				SDKROOT = iphoneos;
				STRING_CATALOG_GENERATE_SYMBOLS = YES;
				SWIFT_COMPILATION_MODE = wholemodule;
				VALIDATE_PRODUCT = YES;
			};
			name = Release;
		};
		7894EE3C2F9D53C600668DC9 /* Debug */ = {
			isa = XCBuildConfiguration;
			buildSettings = {
				ASSETCATALOG_COMPILER_APPICON_NAME = AppIcon;
				ASSETCATALOG_COMPILER_GLOBAL_ACCENT_COLOR_NAME = AccentColor;
				CODE_SIGN_STYLE = Automatic;
				CURRENT_PROJECT_VERSION = 3;
				DEVELOPMENT_ASSET_PATHS = "\"BEC/Preview Content\"";
				DEVELOPMENT_TEAM = 75PCHQHB7R;
				ENABLE_PREVIEWS = YES;
				GENERATE_INFOPLIST_FILE = YES;
				INFOPLIST_FILE = Info.plist;
				INFOPLIST_KEY_ITSAppUsesNonExemptEncryption = NO;
				INFOPLIST_KEY_LSApplicationCategoryType = "public.app-category.food-and-drink";
				INFOPLIST_KEY_NSLocationWhenInUseUsageDescription = "Only way to find the closest bite is to know where you are first";
				INFOPLIST_KEY_UIApplicationSceneManifest_Generation = YES;
				INFOPLIST_KEY_UIApplicationSupportsIndirectInputEvents = YES;
				INFOPLIST_KEY_UILaunchScreen_Generation = YES;
				INFOPLIST_KEY_UISupportedInterfaceOrientations_iPad = "UIInterfaceOrientationPortrait UIInterfaceOrientationPortraitUpsideDown UIInterfaceOrientationLandscapeLeft UIInterfaceOrientationLandscapeRight";
				INFOPLIST_KEY_UISupportedInterfaceOrientations_iPhone = "UIInterfaceOrientationPortrait UIInterfaceOrientationLandscapeLeft UIInterfaceOrientationLandscapeRight";
				LD_RUNPATH_SEARCH_PATHS = (
					"$(inherited)",
					"@executable_path/Frameworks",
				);
				MARKETING_VERSION = 1.2;
				PRODUCT_BUNDLE_IDENTIFIER = com.dror.BEC;
				PRODUCT_NAME = "$(TARGET_NAME)";
				SWIFT_EMIT_LOC_STRINGS = YES;
				SWIFT_VERSION = 5.0;
				TARGETED_DEVICE_FAMILY = 1;
			};
			name = Debug;
		};
		7894EE3D2F9D53C600668DC9 /* Release */ = {
			isa = XCBuildConfiguration;
			buildSettings = {
				ASSETCATALOG_COMPILER_APPICON_NAME = AppIcon;
				ASSETCATALOG_COMPILER_GLOBAL_ACCENT_COLOR_NAME = AccentColor;
				CODE_SIGN_STYLE = Automatic;
				CURRENT_PROJECT_VERSION = 3;
				DEVELOPMENT_ASSET_PATHS = "\"BEC/Preview Content\"";
				DEVELOPMENT_TEAM = 75PCHQHB7R;
				ENABLE_PREVIEWS = YES;
				GENERATE_INFOPLIST_FILE = YES;
				INFOPLIST_FILE = Info.plist;
				INFOPLIST_KEY_ITSAppUsesNonExemptEncryption = NO;
				INFOPLIST_KEY_LSApplicationCategoryType = "public.app-category.food-and-drink";
				INFOPLIST_KEY_NSLocationWhenInUseUsageDescription = "Only way to find the closest bite is to know where you are first";
				INFOPLIST_KEY_UIApplicationSceneManifest_Generation = YES;
				INFOPLIST_KEY_UIApplicationSupportsIndirectInputEvents = YES;
				INFOPLIST_KEY_UILaunchScreen_Generation = YES;
				INFOPLIST_KEY_UISupportedInterfaceOrientations_iPad = "UIInterfaceOrientationPortrait UIInterfaceOrientationPortraitUpsideDown UIInterfaceOrientationLandscapeLeft UIInterfaceOrientationLandscapeRight";
				INFOPLIST_KEY_UISupportedInterfaceOrientations_iPhone = "UIInterfaceOrientationPortrait UIInterfaceOrientationLandscapeLeft UIInterfaceOrientationLandscapeRight";
				LD_RUNPATH_SEARCH_PATHS = (
					"$(inherited)",
					"@executable_path/Frameworks",
				);
				MARKETING_VERSION = 1.2;
				PRODUCT_BUNDLE_IDENTIFIER = com.dror.BEC;
				PRODUCT_NAME = "$(TARGET_NAME)";
				SWIFT_EMIT_LOC_STRINGS = YES;
				SWIFT_VERSION = 5.0;
				TARGETED_DEVICE_FAMILY = 1;
			};
			name = Release;
		};
		7894EE3F2F9D53C600668DC9 /* Debug */ = {
			isa = XCBuildConfiguration;
			buildSettings = {
				BUNDLE_LOADER = "$(TEST_HOST)";
				CODE_SIGN_STYLE = Automatic;
				CURRENT_PROJECT_VERSION = 1;
				GENERATE_INFOPLIST_FILE = YES;
				IPHONEOS_DEPLOYMENT_TARGET = 18.2;
				MARKETING_VERSION = 1.0;
				PRODUCT_BUNDLE_IDENTIFIER = com.dror.BECTests;
				PRODUCT_NAME = "$(TARGET_NAME)";
				SWIFT_EMIT_LOC_STRINGS = NO;
				SWIFT_VERSION = 5.0;
				TARGETED_DEVICE_FAMILY = 1;
				TEST_HOST = "$(BUILT_PRODUCTS_DIR)/BEC.app/$(BUNDLE_EXECUTABLE_FOLDER_PATH)/BEC";
			};
			name = Debug;
		};
		7894EE402F9D53C600668DC9 /* Release */ = {
			isa = XCBuildConfiguration;
			buildSettings = {
				BUNDLE_LOADER = "$(TEST_HOST)";
				CODE_SIGN_STYLE = Automatic;
				CURRENT_PROJECT_VERSION = 1;
				GENERATE_INFOPLIST_FILE = YES;
				IPHONEOS_DEPLOYMENT_TARGET = 18.2;
				MARKETING_VERSION = 1.0;
				PRODUCT_BUNDLE_IDENTIFIER = com.dror.BECTests;
				PRODUCT_NAME = "$(TARGET_NAME)";
				SWIFT_EMIT_LOC_STRINGS = NO;
				SWIFT_VERSION = 5.0;
				TARGETED_DEVICE_FAMILY = 1;
				TEST_HOST = "$(BUILT_PRODUCTS_DIR)/BEC.app/$(BUNDLE_EXECUTABLE_FOLDER_PATH)/BEC";
			};
			name = Release;
		};
		7894EE422F9D53C600668DC9 /* Debug */ = {
			isa = XCBuildConfiguration;
			buildSettings = {
				CODE_SIGN_STYLE = Automatic;
				CURRENT_PROJECT_VERSION = 1;
				GENERATE_INFOPLIST_FILE = YES;
				MARKETING_VERSION = 1.0;
				PRODUCT_BUNDLE_IDENTIFIER = com.dror.BECUITests;
				PRODUCT_NAME = "$(TARGET_NAME)";
				SWIFT_EMIT_LOC_STRINGS = NO;
				SWIFT_VERSION = 5.0;
				TARGETED_DEVICE_FAMILY = 1;
				TEST_TARGET_NAME = BEC;
			};
			name = Debug;
		};
		7894EE432F9D53C600668DC9 /* Release */ = {
			isa = XCBuildConfiguration;
			buildSettings = {
				CODE_SIGN_STYLE = Automatic;
				CURRENT_PROJECT_VERSION = 1;
				GENERATE_INFOPLIST_FILE = YES;
				MARKETING_VERSION = 1.0;
				PRODUCT_BUNDLE_IDENTIFIER = com.dror.BECUITests;
				PRODUCT_NAME = "$(TARGET_NAME)";
				SWIFT_EMIT_LOC_STRINGS = NO;
				SWIFT_VERSION = 5.0;
				TARGETED_DEVICE_FAMILY = 1;
				TEST_TARGET_NAME = BEC;
			};
			name = Release;
		};
/* End XCBuildConfiguration section */

/* Begin XCConfigurationList section */
		7894EE122F9D53C200668DC9 /* Build configuration list for PBXProject "BEC" */ = {
			isa = XCConfigurationList;
			buildConfigurations = (
				7894EE392F9D53C600668DC9 /* Debug */,
				7894EE3A2F9D53C600668DC9 /* Release */,
			);
			defaultConfigurationIsVisible = 0;
			defaultConfigurationName = Release;
		};
		7894EE3B2F9D53C600668DC9 /* Build configuration list for PBXNativeTarget "BEC" */ = {
			isa = XCConfigurationList;
			buildConfigurations = (
				7894EE3C2F9D53C600668DC9 /* Debug */,
				7894EE3D2F9D53C600668DC9 /* Release */,
			);
			defaultConfigurationIsVisible = 0;
			defaultConfigurationName = Release;
		};
		7894EE3E2F9D53C600668DC9 /* Build configuration list for PBXNativeTarget "BECTests" */ = {
			isa = XCConfigurationList;
			buildConfigurations = (
				7894EE3F2F9D53C600668DC9 /* Debug */,
				7894EE402F9D53C600668DC9 /* Release */,
			);
			defaultConfigurationIsVisible = 0;
			defaultConfigurationName = Release;
		};
		7894EE412F9D53C600668DC9 /* Build configuration list for PBXNativeTarget "BECUITests" */ = {
			isa = XCConfigurationList;
			buildConfigurations = (
				7894EE422F9D53C600668DC9 /* Debug */,
				7894EE432F9D53C600668DC9 /* Release */,
			);
			defaultConfigurationIsVisible = 0;
			defaultConfigurationName = Release;
		};
/* End XCConfigurationList section */
	};
	rootObject = 7894EE0F2F9D53C200668DC9 /* Project object */;
}
